<?xml version="1.0" encoding="utf-8"?>
<Project ToolsVersion="17.0" xmlns="http://schemas.microsoft.com/developer/msbuild/2003">
  <ItemGroup>
    <CustomBuild Include="E:\OpenSource\imxaander\ppsspp\ext\libgit2-build\CMakeFiles\c4bbf4e489658f19ab84c8a6bbe49f89\RUN_TESTS_force.rule">
      <Filter>CMake Rules</Filter>
    </CustomBuild>
  </ItemGroup>
  <ItemGroup>
    <Filter Include="CMake Rules">
      <UniqueIdentifier>{EA7FFCEA-8956-3DF0-8881-696F68B7654F}</UniqueIdentifier>
    </Filter>
  </ItemGroup>
</Project>
